
Microsoft Visual Studio Solution File, Format Version 12.00
Project("{FAE04EC0-301F-11D3-BF4B-00C04F79EFBC}") = "DataAccess", "DataAccess\DataAccess.csproj", "{8F65119A-F65E-44E5-825C-FBF0521CAFA7}"
EndProject
Project("{FAE04EC0-301F-11D3-BF4B-00C04F79EFBC}") = "GUI", "GUI\GUI.csproj", "{60ABA043-0F2A-4857-9498-FA2FCF249142}"
EndProject
Project("{FAE04EC0-301F-11D3-BF4B-00C04F79EFBC}") = "Server", "Server\Server.csproj", "{37E916DB-AD50-4F65-A2E5-28090FF3F060}"
EndProject
Global
	GlobalSection(SolutionConfigurationPlatforms) = preSolution
		Debug|Any CPU = Debug|Any CPU
		Release|Any CPU = Release|Any CPU
	EndGlobalSection
	GlobalSection(ProjectConfigurationPlatforms) = postSolution
		{8F65119A-F65E-44E5-825C-FBF0521CAFA7}.Debug|Any CPU.ActiveCfg = Debug|Any CPU
		{8F65119A-F65E-44E5-825C-FBF0521CAFA7}.Debug|Any CPU.Build.0 = Debug|Any CPU
		{8F65119A-F65E-44E5-825C-FBF0521CAFA7}.Release|Any CPU.ActiveCfg = Release|Any CPU
		{8F65119A-F65E-44E5-825C-FBF0521CAFA7}.Release|Any CPU.Build.0 = Release|Any CPU
		{60ABA043-0F2A-4857-9498-FA2FCF249142}.Debug|Any CPU.ActiveCfg = Debug|Any CPU
		{60ABA043-0F2A-4857-9498-FA2FCF249142}.Debug|Any CPU.Build.0 = Debug|Any CPU
		{60ABA043-0F2A-4857-9498-FA2FCF249142}.Release|Any CPU.ActiveCfg = Release|Any CPU
		{60ABA043-0F2A-4857-9498-FA2FCF249142}.Release|Any CPU.Build.0 = Release|Any CPU
		{37E916DB-AD50-4F65-A2E5-28090FF3F060}.Debug|Any CPU.ActiveCfg = Debug|Any CPU
		{37E916DB-AD50-4F65-A2E5-28090FF3F060}.Debug|Any CPU.Build.0 = Debug|Any CPU
		{37E916DB-AD50-4F65-A2E5-28090FF3F060}.Release|Any CPU.ActiveCfg = Release|Any CPU
		{37E916DB-AD50-4F65-A2E5-28090FF3F060}.Release|Any CPU.Build.0 = Release|Any CPU
	EndGlobalSection
EndGlobal
